dependencies:
- name: postgresql
  repository: oci://registry-1.docker.io/bitnamicharts
  version: 18.11.3
- name: rabbitmq
  repository: https://repo.helmforge.dev
  version: 1.7.1
digest: sha256:8be80f50fc09fea6fd46cb7a0bbf18f6fdd6e3af14e717f912d74efb678ac8cf
generated: "2026-09-17T20:51:24.083837301+01:00"
