dependencies:
- name: radarr
  repository: https://jankcloud.github.io/charts
  version: 1.1.0
- name: sonarr
  repository: https://jankcloud.github.io/charts
  version: 1.2.1
- name: bazarr
  repository: https://jankcloud.github.io/charts
  version: 1.1.0
- name: lidarr
  repository: https://jankcloud.github.io/charts
  version: 1.2.0
- name: cleanuparr
  repository: https://jankcloud.github.io/charts
  version: 1.0.1
- name: prowlarr
  repository: https://jankcloud.github.io/charts
  version: 1.2.0
digest: sha256:509ce79e40d9ebaf4d3ca0b1e4cb0cbd89411f83376a96fd07006880f1ce691b
generated: "2026-03-10T19:30:29.093059426Z"
