dependencies:
- name: radarr
  repository: https://jankcloud.github.io/charts
  version: 1.1.0
- name: sonarr
  repository: https://jankcloud.github.io/charts
  version: 1.2.1
- name: bazarr
  repository: https://jankcloud.github.io/charts
  version: 1.2.0
- name: lidarr
  repository: https://jankcloud.github.io/charts
  version: 1.2.0
- name: cleanuparr
  repository: https://jankcloud.github.io/charts
  version: 1.0.1
- name: prowlarr
  repository: https://jankcloud.github.io/charts
  version: 1.2.0
digest: sha256:21d9375e2aa2836d635bdf17ebee93a815ee7b208ba3e693f4815636993e92d1
generated: "2026-03-10T23:08:53.726165346Z"
